<?xml version="1.0" encoding="utf-8"?>
<Project ToolsVersion="4.0" xmlns="http://schemas.microsoft.com/developer/msbuild/2003">
  <ImportGroup Label="PropertySheets">
    <Import Project="..\common\common.filters" />
  </ImportGroup>
  <ItemGroup>
    <ClInclude Include="$(SRC_DIR)\common\gna-api.h">
      <Filter>Api</Filter>
    </ClInclude>
    <ClInclude Include="$(SRC_DIR)\common\gna-api-instrumentation.h">
      <Filter>Api</Filter>
    </ClInclude>
    <ClInclude Include="$(SRC_DIR)\common\gna-api-status.h">
      <Filter>Api</Filter>
    </ClInclude>
    <ClInclude Include="$(SRC_DIR)\common\gna-api-types-gmm.h">
      <Filter>Api</Filter>
    </ClInclude>
    <ClInclude Include="$(SRC_DIR)\common\gna-api-types-xnn.h">
      <Filter>Api</Filter>
    </ClInclude>
    <ClInclude Include="$(SRC_DIR)\common\GnaDrvApi.h">
      <Filter>Header Files</Filter>
    </ClInclude>
    <ClInclude Include="$(SRC_DIR)\common\GnaDrvApiWin.h">
      <Filter>Header Files</Filter>
    </ClInclude>
    <ClInclude Include="$(SRC_DIR)\common\GnaDrvApiWinDebug.h">
      <Filter>Header Files</Filter>
    </ClInclude>
    <ClInclude Include="$(SRC_DIR)\common\profiler.h">
      <Filter>Header Files</Filter>
    </ClInclude>
    <ClInclude Include="$(SRC_DIR)\common\resource.h">
      <Filter>Header Files</Filter>
    </ClInclude>
    <ClInclude Include="$(SRC_DIR)\gna-lib\AccelerationDetector.h">
      <Filter>Header Files</Filter>
    </ClInclude>
    <ClInclude Include="$(SRC_DIR)\gna-lib\ActiveList.h">
      <Filter>Header Files</Filter>
    </ClInclude>
    <ClInclude Include="$(SRC_DIR)\gna-lib\Address.h">
      <Filter>Header Files</Filter>
    </ClInclude>
    <ClInclude Include="$(SRC_DIR)\gna-lib\AffineLayers.h">
      <Filter>Header Files</Filter>
    </ClInclude>
    <ClInclude Include="$(SRC_DIR)\gna-lib\common.h">
      <Filter>Header Files</Filter>
    </ClInclude>
    <ClInclude Include="$(SRC_DIR)\gna-lib\CompiledModel.h">
      <Filter>Header Files</Filter>
    </ClInclude>
    <ClInclude Include="$(SRC_DIR)\gna-lib\ConvolutionalLayer.h">
      <Filter>Header Files</Filter>
    </ClInclude>
    <ClInclude Include="$(SRC_DIR)\gna-lib\Device.h">
      <Filter>Header Files</Filter>
    </ClInclude>
    <ClInclude Include="$(SRC_DIR)\gna-lib\FakeDetector.h">
      <Filter>Header Files</Filter>
    </ClInclude>
    <ClInclude Include="$(SRC_DIR)\gna-lib\GmmLayer.h">
      <Filter>Header Files</Filter>
    </ClInclude>
    <ClInclude Include="$(SRC_DIR)\gna-lib\GnaConfig.h">
      <Filter>Header Files</Filter>
    </ClInclude>
    <ClInclude Include="$(SRC_DIR)\gna-lib\GnaException.h">
      <Filter>Header Files</Filter>
    </ClInclude>
    <ClInclude Include="$(SRC_DIR)\gna-lib\GnaTypes.h">
      <Filter>Header Files</Filter>
    </ClInclude>
    <ClInclude Include="$(SRC_DIR)\gna-lib\HardwareLayer.h">
      <Filter>Header Files</Filter>
    </ClInclude>
    <ClInclude Include="$(SRC_DIR)\gna-lib\HardwareModel.h">
      <Filter>Header Files</Filter>
    </ClInclude>
    <ClInclude Include="$(SRC_DIR)\gna-lib\kernels\KernelArguments.h">
      <Filter>Header Files</Filter>
    </ClInclude>
    <ClInclude Include="$(SRC_DIR)\gna-lib\kernels\XnnKernelApi.h">
      <Filter>Header Files</Filter>
    </ClInclude>
    <ClInclude Include="$(SRC_DIR)\gna-lib\Layer.h">
      <Filter>Header Files</Filter>
    </ClInclude>
    <ClInclude Include="$(SRC_DIR)\gna-lib\LayerConfiguration.h">
      <Filter>Header Files</Filter>
    </ClInclude>
    <ClInclude Include="$(SRC_DIR)\gna-lib\LayerFunctions.h">
      <Filter>Header Files</Filter>
    </ClInclude>
    <ClInclude Include="$(SRC_DIR)\gna-lib\Logger.h">
      <Filter>Header Files</Filter>
    </ClInclude>
    <ClInclude Include="$(SRC_DIR)\gna-lib\IoctlSender.h">
      <Filter>Header Files</Filter>
    </ClInclude>
    <ClInclude Include="$(SRC_DIR)\gna-lib\Memory.h">
      <Filter>Header Files</Filter>
    </ClInclude>
    <ClInclude Include="$(SRC_DIR)\gna-lib\RecurrentLayer.h">
      <Filter>Header Files</Filter>
    </ClInclude>
    <ClInclude Include="$(SRC_DIR)\gna-lib\Request.h">
      <Filter>Header Files</Filter>
    </ClInclude>
    <ClInclude Include="$(SRC_DIR)\gna-lib\RequestBuilder.h">
      <Filter>Header Files</Filter>
    </ClInclude>
    <ClInclude Include="$(SRC_DIR)\gna-lib\RequestConfiguration.h">
      <Filter>Header Files</Filter>
    </ClInclude>
    <ClInclude Include="$(SRC_DIR)\gna-lib\RequestHandler.h">
      <Filter>Header Files</Filter>
    </ClInclude>
    <ClInclude Include="$(SRC_DIR)\gna-lib\SimpleLayers.h">
      <Filter>Header Files</Filter>
    </ClInclude>
    <ClInclude Include="$(SRC_DIR)\gna-lib\SoftwareModel.h">
      <Filter>Header Files</Filter>
    </ClInclude>
    <ClInclude Include="$(SRC_DIR)\gna-lib\SubModel.h">
      <Filter>Header Files</Filter>
    </ClInclude>
    <ClInclude Include="$(SRC_DIR)\gna-lib\ThreadPool.h">
      <Filter>Header Files</Filter>
    </ClInclude>
    <ClInclude Include="$(SRC_DIR)\gna-lib\Validator.h">
      <Filter>Header Files</Filter>
    </ClInclude>
    <ClInclude Include="$(SRC_DIR)\gna-lib\WindowsIoctlSender.h">
      <Filter>Header Files</Filter>
    </ClInclude>
    <ClInclude Include="$(SRC_DIR)\gna-lib\HardwareModelSue1.h">
      <Filter>Header Files</Filter>
    </ClInclude>
    <ClInclude Include="$(SRC_DIR)\common\gna-api-dumper.h">
      <Filter>Api</Filter>
    </ClInclude>
  </ItemGroup>
  <ItemGroup>
    <None Include="..\common\projects.licenseheader" />
  </ItemGroup>
  <ItemGroup>
    <Filter Include="Api">
      <UniqueIdentifier>{fae1faa4-c077-4775-8d04-3b1d93a56ad8}</UniqueIdentifier>
    </Filter>
  </ItemGroup>
  <ItemGroup>
    <ClCompile Include="$(SRC_DIR)\common\profiler.c">
      <Filter>Source Files</Filter>
    </ClCompile>
    <ClCompile Include="$(SRC_DIR)\gna-lib\AccelerationDetector.cpp">
      <Filter>Source Files</Filter>
    </ClCompile>
    <ClCompile Include="$(SRC_DIR)\gna-lib\ActiveList.cpp">
      <Filter>Source Files</Filter>
    </ClCompile>
    <ClCompile Include="$(SRC_DIR)\gna-lib\AffineLayers.cpp">
      <Filter>Source Files</Filter>
    </ClCompile>
    <ClCompile Include="$(SRC_DIR)\gna-lib\api.cpp">
      <Filter>Source Files</Filter>
    </ClCompile>
    <ClCompile Include="$(SRC_DIR)\gna-lib\CompiledModel.cpp">
      <Filter>Source Files</Filter>
    </ClCompile>
    <ClCompile Include="$(SRC_DIR)\gna-lib\ConvolutionalLayer.cpp">
      <Filter>Source Files</Filter>
    </ClCompile>
    <ClCompile Include="$(SRC_DIR)\gna-lib\Device.cpp">
      <Filter>Source Files</Filter>
    </ClCompile>
    <ClCompile Include="$(SRC_DIR)\gna-lib\FakeDetector.cpp">
      <Filter>Source Files</Filter>
    </ClCompile>
    <ClCompile Include="$(SRC_DIR)\gna-lib\GmmLayer.cpp">
      <Filter>Source Files</Filter>
    </ClCompile>
    <ClCompile Include="$(SRC_DIR)\gna-lib\HardwareLayer.cpp">
      <Filter>Source Files</Filter>
    </ClCompile>
    <ClCompile Include="$(SRC_DIR)\gna-lib\HardwareModel.cpp">
      <Filter>Source Files</Filter>
    </ClCompile>
    <ClCompile Include="$(SRC_DIR)\gna-lib\Layer.cpp">
      <Filter>Source Files</Filter>
    </ClCompile>
    <ClCompile Include="$(SRC_DIR)\gna-lib\LayerConfiguration.cpp">
      <Filter>Source Files</Filter>
    </ClCompile>
    <ClCompile Include="$(SRC_DIR)\gna-lib\LayerFunctions.cpp">
      <Filter>Source Files</Filter>
    </ClCompile>
    <ClCompile Include="$(SRC_DIR)\gna-lib\Logger.cpp">
      <Filter>Source Files</Filter>
    </ClCompile>
    <ClCompile Include="$(SRC_DIR)\gna-lib\Memory.cpp">
      <Filter>Source Files</Filter>
    </ClCompile>
    <ClCompile Include="$(SRC_DIR)\gna-lib\ModelDumper.cpp">
      <Filter>Source Files</Filter>
    </ClCompile>
    <ClCompile Include="$(SRC_DIR)\gna-lib\RecurrentLayer.cpp">
      <Filter>Source Files</Filter>
    </ClCompile>
    <ClCompile Include="$(SRC_DIR)\gna-lib\Request.cpp">
      <Filter>Source Files</Filter>
    </ClCompile>
    <ClCompile Include="$(SRC_DIR)\gna-lib\RequestBuilder.cpp">
      <Filter>Source Files</Filter>
    </ClCompile>
    <ClCompile Include="$(SRC_DIR)\gna-lib\RequestConfiguration.cpp">
      <Filter>Source Files</Filter>
    </ClCompile>
    <ClCompile Include="$(SRC_DIR)\gna-lib\RequestHandler.cpp">
      <Filter>Source Files</Filter>
    </ClCompile>
    <ClCompile Include="$(SRC_DIR)\gna-lib\SimpleLayers.cpp">
      <Filter>Source Files</Filter>
    </ClCompile>
    <ClCompile Include="$(SRC_DIR)\gna-lib\SoftwareModel.cpp">
      <Filter>Source Files</Filter>
    </ClCompile>
    <ClCompile Include="$(SRC_DIR)\gna-lib\SubModel.cpp">
      <Filter>Source Files</Filter>
    </ClCompile>
    <ClCompile Include="$(SRC_DIR)\gna-lib\ThreadPool.cpp">
      <Filter>Source Files</Filter>
    </ClCompile>
    <ClCompile Include="$(SRC_DIR)\gna-lib\WindowsIoctlSender.cpp">
      <Filter>Source Files</Filter>
    </ClCompile>
    <ClCompile Include="$(SRC_DIR)\gna-lib\HardwareModelSue1.cpp">
      <Filter>Source Files</Filter>
    </ClCompile>
  </ItemGroup>
  <ItemGroup>
    <ResourceCompile Include="$(SRC_DIR)\common\version.rc">
      <Filter>Resource Files</Filter>
    </ResourceCompile>
  </ItemGroup>
</Project>