Microsoft Visual Studio Solution File, Format Version 12.00
# Visual Studio 14
VisualStudioVersion = 14.0.25420.1
MinimumVisualStudioVersion = 10.0.40219.1
Project("{8BC9CEB8-8B4A-11D0-8D11-00A0C91BC942}") = "gna-api", "projects\gna-lib\gna-api.vcxproj", "{604EE608-306B-4EEB-8D12-7681599E48F5}"
EndProject
Project("{8BC9CEB8-8B4A-11D0-8D11-00A0C91BC942}") = "kernel-gmm-avx1", "projects\gna-lib\kernel-gmm-avx1.vcxproj", "{713C9C15-5D56-40DA-A65A-E33FE42506EF}"
EndProject
Project("{8BC9CEB8-8B4A-11D0-8D11-00A0C91BC942}") = "kernel-gmm-avx2", "projects\gna-lib\kernel-gmm-avx2.vcxproj", "{6C66F110-545E-4F86-9797-7204FA3DFD8B}"
EndProject
Project("{8BC9CEB8-8B4A-11D0-8D11-00A0C91BC942}") = "kernel-gmm-generic", "projects\gna-lib\kernel-gmm-generic.vcxproj", "{14D7C8FC-C0F3-475C-B89F-07C6C785F18C}"
EndProject
Project("{8BC9CEB8-8B4A-11D0-8D11-00A0C91BC942}") = "kernel-gmm-sse4", "projects\gna-lib\kernel-gmm-sse4.vcxproj", "{B51267E0-54DE-4A32-BFBD-631E2B50AEC3}"
EndProject
Project("{8BC9CEB8-8B4A-11D0-8D11-00A0C91BC942}") = "gna-api-verbose", "projects\gna-lib\gna-api-verbose.vcxproj", "{AEBBF32C-5C34-4358-976C-1CC1935BB34F}"
EndProject
Project("{2150E333-8FDC-42A3-9474-1A3956D46DE8}") = "library", "library", "{21C91199-2F53-4A43-86F5-EB29E791730E}"
EndProject
Project("{2150E333-8FDC-42A3-9474-1A3956D46DE8}") = "kernels", "kernels", "{25708C2C-E6B6-447F-B44F-4C6F0B4E3012}"
EndProject
Project("{2150E333-8FDC-42A3-9474-1A3956D46DE8}") = "gmm", "gmm", "{75814801-5066-42FD-965D-030EAFA58C58}"
EndProject
Project("{2150E333-8FDC-42A3-9474-1A3956D46DE8}") = "xnn", "xnn", "{0FDFAFD5-8FDE-406D-AE54-8E3574DFCA36}"
EndProject
Project("{8BC9CEB8-8B4A-11D0-8D11-00A0C91BC942}") = "kernel-xnn-generic", "projects\gna-lib\kernel-xnn-generic.vcxproj", "{96C10845-25A7-4677-BC18-2EC248D301D2}"
EndProject
Project("{8BC9CEB8-8B4A-11D0-8D11-00A0C91BC942}") = "kernel-xnn-avx1", "projects\gna-lib\kernel-xnn-avx1.vcxproj", "{C34919B6-8FBC-430D-AF34-F05073108BE5}"
EndProject
Project("{8BC9CEB8-8B4A-11D0-8D11-00A0C91BC942}") = "kernel-xnn-avx2", "projects\gna-lib\kernel-xnn-avx2.vcxproj", "{2EBCBCF2-4900-44D2-B98C-D4D0F93219B9}"
EndProject
Project("{8BC9CEB8-8B4A-11D0-8D11-00A0C91BC942}") = "kernel-xnn-sse4", "projects\gna-lib\kernel-xnn-sse4.vcxproj", "{91096C09-7776-4402-8762-3CFCBC9E9ABA}"
EndProject
Project("{8BC9CEB8-8B4A-11D0-8D11-00A0C91BC942}") = "kernel-xnn-generic-sat", "projects\gna-lib\kernel-xnn-generic-sat.vcxproj", "{A9FF544E-6EB9-4065-87F9-5ECFF5E478E8}"
EndProject
Project("{8BC9CEB8-8B4A-11D0-8D11-00A0C91BC942}") = "kernel-xnn-avx1-sat", "projects\gna-lib\kernel-xnn-avx1-sat.vcxproj", "{A9157F63-B07E-4B00-ACFC-A0FAEAB38D43}"
EndProject
Project("{8BC9CEB8-8B4A-11D0-8D11-00A0C91BC942}") = "kernel-xnn-avx2-sat", "projects\gna-lib\kernel-xnn-avx2-sat.vcxproj", "{024D23C4-EB05-45A3-BCD7-83F80A904503}"
EndProject
Project("{8BC9CEB8-8B4A-11D0-8D11-00A0C91BC942}") = "kernel-xnn-sse4-sat", "projects\gna-lib\kernel-xnn-sse4-sat.vcxproj", "{7BA29E84-F093-4FF7-A26A-71AA1DA18A3E}"
EndProject
Project("{2150E333-8FDC-42A3-9474-1A3956D46DE8}") = "tools", "tools", "{74157653-F56C-4F52-8E74-3006A4C9617E}"
EndProject
Project("{8BC9CEB8-8B4A-11D0-8D11-00A0C91BC942}") = "DevTest", "projects\tools\DevTest.vcxproj", "{51DA8516-5697-4B27-916C-37569C514201}"
EndProject
Global
	GlobalSection(SolutionConfigurationPlatforms) = preSolution
		WIN-DEBUG|Win32 = WIN-DEBUG|Win32
		WIN-DEBUG|x64 = WIN-DEBUG|x64
		WIN-RELEASE|Win32 = WIN-RELEASE|Win32
		WIN-RELEASE|x64 = WIN-RELEASE|x64
	EndGlobalSection
	GlobalSection(ProjectConfigurationPlatforms) = postSolution
		{604EE608-306B-4EEB-8D12-7681599E48F5}.WIN-DEBUG|Win32.ActiveCfg = WIN-DEBUG|Win32
		{604EE608-306B-4EEB-8D12-7681599E48F5}.WIN-DEBUG|Win32.Build.0 = WIN-DEBUG|Win32
		{604EE608-306B-4EEB-8D12-7681599E48F5}.WIN-DEBUG|x64.ActiveCfg = WIN-DEBUG|x64
		{604EE608-306B-4EEB-8D12-7681599E48F5}.WIN-DEBUG|x64.Build.0 = WIN-DEBUG|x64
		{604EE608-306B-4EEB-8D12-7681599E48F5}.WIN-RELEASE|Win32.ActiveCfg = WIN-RELEASE|Win32
		{604EE608-306B-4EEB-8D12-7681599E48F5}.WIN-RELEASE|Win32.Build.0 = WIN-RELEASE|Win32
		{604EE608-306B-4EEB-8D12-7681599E48F5}.WIN-RELEASE|x64.ActiveCfg = WIN-RELEASE|x64
		{604EE608-306B-4EEB-8D12-7681599E48F5}.WIN-RELEASE|x64.Build.0 = WIN-RELEASE|x64
		{713C9C15-5D56-40DA-A65A-E33FE42506EF}.WIN-DEBUG|Win32.ActiveCfg = WIN-DEBUG|Win32
		{713C9C15-5D56-40DA-A65A-E33FE42506EF}.WIN-DEBUG|Win32.Build.0 = WIN-DEBUG|Win32
		{713C9C15-5D56-40DA-A65A-E33FE42506EF}.WIN-DEBUG|x64.ActiveCfg = WIN-DEBUG|x64
		{713C9C15-5D56-40DA-A65A-E33FE42506EF}.WIN-DEBUG|x64.Build.0 = WIN-DEBUG|x64
		{713C9C15-5D56-40DA-A65A-E33FE42506EF}.WIN-RELEASE|Win32.ActiveCfg = WIN-RELEASE|Win32
		{713C9C15-5D56-40DA-A65A-E33FE42506EF}.WIN-RELEASE|Win32.Build.0 = WIN-RELEASE|Win32
		{713C9C15-5D56-40DA-A65A-E33FE42506EF}.WIN-RELEASE|x64.ActiveCfg = WIN-RELEASE|x64
		{713C9C15-5D56-40DA-A65A-E33FE42506EF}.WIN-RELEASE|x64.Build.0 = WIN-RELEASE|x64
		{6C66F110-545E-4F86-9797-7204FA3DFD8B}.WIN-DEBUG|Win32.ActiveCfg = WIN-DEBUG|Win32
		{6C66F110-545E-4F86-9797-7204FA3DFD8B}.WIN-DEBUG|Win32.Build.0 = WIN-DEBUG|Win32
		{6C66F110-545E-4F86-9797-7204FA3DFD8B}.WIN-DEBUG|x64.ActiveCfg = WIN-DEBUG|x64
		{6C66F110-545E-4F86-9797-7204FA3DFD8B}.WIN-DEBUG|x64.Build.0 = WIN-DEBUG|x64
		{6C66F110-545E-4F86-9797-7204FA3DFD8B}.WIN-RELEASE|Win32.ActiveCfg = WIN-RELEASE|Win32
		{6C66F110-545E-4F86-9797-7204FA3DFD8B}.WIN-RELEASE|Win32.Build.0 = WIN-RELEASE|Win32
		{6C66F110-545E-4F86-9797-7204FA3DFD8B}.WIN-RELEASE|x64.ActiveCfg = WIN-RELEASE|x64
		{6C66F110-545E-4F86-9797-7204FA3DFD8B}.WIN-RELEASE|x64.Build.0 = WIN-RELEASE|x64
		{14D7C8FC-C0F3-475C-B89F-07C6C785F18C}.WIN-DEBUG|Win32.ActiveCfg = WIN-DEBUG|Win32
		{14D7C8FC-C0F3-475C-B89F-07C6C785F18C}.WIN-DEBUG|Win32.Build.0 = WIN-DEBUG|Win32
		{14D7C8FC-C0F3-475C-B89F-07C6C785F18C}.WIN-DEBUG|x64.ActiveCfg = WIN-DEBUG|x64
		{14D7C8FC-C0F3-475C-B89F-07C6C785F18C}.WIN-DEBUG|x64.Build.0 = WIN-DEBUG|x64
		{14D7C8FC-C0F3-475C-B89F-07C6C785F18C}.WIN-RELEASE|Win32.ActiveCfg = WIN-RELEASE|Win32
		{14D7C8FC-C0F3-475C-B89F-07C6C785F18C}.WIN-RELEASE|Win32.Build.0 = WIN-RELEASE|Win32
		{14D7C8FC-C0F3-475C-B89F-07C6C785F18C}.WIN-RELEASE|x64.ActiveCfg = WIN-RELEASE|x64
		{14D7C8FC-C0F3-475C-B89F-07C6C785F18C}.WIN-RELEASE|x64.Build.0 = WIN-RELEASE|x64
		{B51267E0-54DE-4A32-BFBD-631E2B50AEC3}.WIN-DEBUG|Win32.ActiveCfg = WIN-DEBUG|Win32
		{B51267E0-54DE-4A32-BFBD-631E2B50AEC3}.WIN-DEBUG|Win32.Build.0 = WIN-DEBUG|Win32
		{B51267E0-54DE-4A32-BFBD-631E2B50AEC3}.WIN-DEBUG|x64.ActiveCfg = WIN-DEBUG|x64
		{B51267E0-54DE-4A32-BFBD-631E2B50AEC3}.WIN-DEBUG|x64.Build.0 = WIN-DEBUG|x64
		{B51267E0-54DE-4A32-BFBD-631E2B50AEC3}.WIN-RELEASE|Win32.ActiveCfg = WIN-RELEASE|Win32
		{B51267E0-54DE-4A32-BFBD-631E2B50AEC3}.WIN-RELEASE|Win32.Build.0 = WIN-RELEASE|Win32
		{B51267E0-54DE-4A32-BFBD-631E2B50AEC3}.WIN-RELEASE|x64.ActiveCfg = WIN-RELEASE|x64
		{B51267E0-54DE-4A32-BFBD-631E2B50AEC3}.WIN-RELEASE|x64.Build.0 = WIN-RELEASE|x64
		{AEBBF32C-5C34-4358-976C-1CC1935BB34F}.WIN-DEBUG|Win32.ActiveCfg = WIN-DEBUG|Win32
		{AEBBF32C-5C34-4358-976C-1CC1935BB34F}.WIN-DEBUG|Win32.Build.0 = WIN-DEBUG|Win32
		{AEBBF32C-5C34-4358-976C-1CC1935BB34F}.WIN-DEBUG|x64.ActiveCfg = WIN-DEBUG|x64
		{AEBBF32C-5C34-4358-976C-1CC1935BB34F}.WIN-DEBUG|x64.Build.0 = WIN-DEBUG|x64
		{AEBBF32C-5C34-4358-976C-1CC1935BB34F}.WIN-RELEASE|Win32.ActiveCfg = WIN-RELEASE|Win32
		{AEBBF32C-5C34-4358-976C-1CC1935BB34F}.WIN-RELEASE|Win32.Build.0 = WIN-RELEASE|Win32
		{AEBBF32C-5C34-4358-976C-1CC1935BB34F}.WIN-RELEASE|x64.ActiveCfg = WIN-RELEASE|x64
		{AEBBF32C-5C34-4358-976C-1CC1935BB34F}.WIN-RELEASE|x64.Build.0 = WIN-RELEASE|x64
		{96C10845-25A7-4677-BC18-2EC248D301D2}.WIN-DEBUG|Win32.ActiveCfg = WIN-DEBUG|Win32
		{96C10845-25A7-4677-BC18-2EC248D301D2}.WIN-DEBUG|Win32.Build.0 = WIN-DEBUG|Win32
		{96C10845-25A7-4677-BC18-2EC248D301D2}.WIN-DEBUG|x64.ActiveCfg = WIN-DEBUG|x64
		{96C10845-25A7-4677-BC18-2EC248D301D2}.WIN-DEBUG|x64.Build.0 = WIN-DEBUG|x64
		{96C10845-25A7-4677-BC18-2EC248D301D2}.WIN-RELEASE|Win32.ActiveCfg = WIN-RELEASE|Win32
		{96C10845-25A7-4677-BC18-2EC248D301D2}.WIN-RELEASE|Win32.Build.0 = WIN-RELEASE|Win32
		{96C10845-25A7-4677-BC18-2EC248D301D2}.WIN-RELEASE|x64.ActiveCfg = WIN-RELEASE|x64
		{96C10845-25A7-4677-BC18-2EC248D301D2}.WIN-RELEASE|x64.Build.0 = WIN-RELEASE|x64
		{C34919B6-8FBC-430D-AF34-F05073108BE5}.WIN-DEBUG|Win32.ActiveCfg = WIN-DEBUG|Win32
		{C34919B6-8FBC-430D-AF34-F05073108BE5}.WIN-DEBUG|Win32.Build.0 = WIN-DEBUG|Win32
		{C34919B6-8FBC-430D-AF34-F05073108BE5}.WIN-DEBUG|x64.ActiveCfg = WIN-DEBUG|x64
		{C34919B6-8FBC-430D-AF34-F05073108BE5}.WIN-DEBUG|x64.Build.0 = WIN-DEBUG|x64
		{C34919B6-8FBC-430D-AF34-F05073108BE5}.WIN-RELEASE|Win32.ActiveCfg = WIN-RELEASE|Win32
		{C34919B6-8FBC-430D-AF34-F05073108BE5}.WIN-RELEASE|Win32.Build.0 = WIN-RELEASE|Win32
		{C34919B6-8FBC-430D-AF34-F05073108BE5}.WIN-RELEASE|x64.ActiveCfg = WIN-RELEASE|x64
		{C34919B6-8FBC-430D-AF34-F05073108BE5}.WIN-RELEASE|x64.Build.0 = WIN-RELEASE|x64
		{2EBCBCF2-4900-44D2-B98C-D4D0F93219B9}.WIN-DEBUG|Win32.ActiveCfg = WIN-DEBUG|Win32
		{2EBCBCF2-4900-44D2-B98C-D4D0F93219B9}.WIN-DEBUG|Win32.Build.0 = WIN-DEBUG|Win32
		{2EBCBCF2-4900-44D2-B98C-D4D0F93219B9}.WIN-DEBUG|x64.ActiveCfg = WIN-DEBUG|x64
		{2EBCBCF2-4900-44D2-B98C-D4D0F93219B9}.WIN-DEBUG|x64.Build.0 = WIN-DEBUG|x64
		{2EBCBCF2-4900-44D2-B98C-D4D0F93219B9}.WIN-RELEASE|Win32.ActiveCfg = WIN-RELEASE|Win32
		{2EBCBCF2-4900-44D2-B98C-D4D0F93219B9}.WIN-RELEASE|Win32.Build.0 = WIN-RELEASE|Win32
		{2EBCBCF2-4900-44D2-B98C-D4D0F93219B9}.WIN-RELEASE|x64.ActiveCfg = WIN-RELEASE|x64
		{2EBCBCF2-4900-44D2-B98C-D4D0F93219B9}.WIN-RELEASE|x64.Build.0 = WIN-RELEASE|x64
		{91096C09-7776-4402-8762-3CFCBC9E9ABA}.WIN-DEBUG|Win32.ActiveCfg = WIN-DEBUG|Win32
		{91096C09-7776-4402-8762-3CFCBC9E9ABA}.WIN-DEBUG|Win32.Build.0 = WIN-DEBUG|Win32
		{91096C09-7776-4402-8762-3CFCBC9E9ABA}.WIN-DEBUG|x64.ActiveCfg = WIN-DEBUG|x64
		{91096C09-7776-4402-8762-3CFCBC9E9ABA}.WIN-DEBUG|x64.Build.0 = WIN-DEBUG|x64
		{91096C09-7776-4402-8762-3CFCBC9E9ABA}.WIN-RELEASE|Win32.ActiveCfg = WIN-RELEASE|Win32
		{91096C09-7776-4402-8762-3CFCBC9E9ABA}.WIN-RELEASE|Win32.Build.0 = WIN-RELEASE|Win32
		{91096C09-7776-4402-8762-3CFCBC9E9ABA}.WIN-RELEASE|x64.ActiveCfg = WIN-RELEASE|x64
		{91096C09-7776-4402-8762-3CFCBC9E9ABA}.WIN-RELEASE|x64.Build.0 = WIN-RELEASE|x64
		{A9FF544E-6EB9-4065-87F9-5ECFF5E478E8}.WIN-DEBUG|Win32.ActiveCfg = WIN-DEBUG|Win32
		{A9FF544E-6EB9-4065-87F9-5ECFF5E478E8}.WIN-DEBUG|Win32.Build.0 = WIN-DEBUG|Win32
		{A9FF544E-6EB9-4065-87F9-5ECFF5E478E8}.WIN-DEBUG|x64.ActiveCfg = WIN-DEBUG|x64
		{A9FF544E-6EB9-4065-87F9-5ECFF5E478E8}.WIN-DEBUG|x64.Build.0 = WIN-DEBUG|x64
		{A9FF544E-6EB9-4065-87F9-5ECFF5E478E8}.WIN-RELEASE|Win32.ActiveCfg = WIN-RELEASE|Win32
		{A9FF544E-6EB9-4065-87F9-5ECFF5E478E8}.WIN-RELEASE|Win32.Build.0 = WIN-RELEASE|Win32
		{A9FF544E-6EB9-4065-87F9-5ECFF5E478E8}.WIN-RELEASE|x64.ActiveCfg = WIN-RELEASE|x64
		{A9FF544E-6EB9-4065-87F9-5ECFF5E478E8}.WIN-RELEASE|x64.Build.0 = WIN-RELEASE|x64
		{A9157F63-B07E-4B00-ACFC-A0FAEAB38D43}.WIN-DEBUG|Win32.ActiveCfg = WIN-DEBUG|Win32
		{A9157F63-B07E-4B00-ACFC-A0FAEAB38D43}.WIN-DEBUG|Win32.Build.0 = WIN-DEBUG|Win32
		{A9157F63-B07E-4B00-ACFC-A0FAEAB38D43}.WIN-DEBUG|x64.ActiveCfg = WIN-DEBUG|x64
		{A9157F63-B07E-4B00-ACFC-A0FAEAB38D43}.WIN-DEBUG|x64.Build.0 = WIN-DEBUG|x64
		{A9157F63-B07E-4B00-ACFC-A0FAEAB38D43}.WIN-RELEASE|Win32.ActiveCfg = WIN-RELEASE|Win32
		{A9157F63-B07E-4B00-ACFC-A0FAEAB38D43}.WIN-RELEASE|Win32.Build.0 = WIN-RELEASE|Win32
		{A9157F63-B07E-4B00-ACFC-A0FAEAB38D43}.WIN-RELEASE|x64.ActiveCfg = WIN-RELEASE|x64
		{A9157F63-B07E-4B00-ACFC-A0FAEAB38D43}.WIN-RELEASE|x64.Build.0 = WIN-RELEASE|x64
		{024D23C4-EB05-45A3-BCD7-83F80A904503}.WIN-DEBUG|Win32.ActiveCfg = WIN-DEBUG|Win32
		{024D23C4-EB05-45A3-BCD7-83F80A904503}.WIN-DEBUG|Win32.Build.0 = WIN-DEBUG|Win32
		{024D23C4-EB05-45A3-BCD7-83F80A904503}.WIN-DEBUG|x64.ActiveCfg = WIN-DEBUG|x64
		{024D23C4-EB05-45A3-BCD7-83F80A904503}.WIN-DEBUG|x64.Build.0 = WIN-DEBUG|x64
		{024D23C4-EB05-45A3-BCD7-83F80A904503}.WIN-RELEASE|Win32.ActiveCfg = WIN-RELEASE|Win32
		{024D23C4-EB05-45A3-BCD7-83F80A904503}.WIN-RELEASE|Win32.Build.0 = WIN-RELEASE|Win32
		{024D23C4-EB05-45A3-BCD7-83F80A904503}.WIN-RELEASE|x64.ActiveCfg = WIN-RELEASE|x64
		{024D23C4-EB05-45A3-BCD7-83F80A904503}.WIN-RELEASE|x64.Build.0 = WIN-RELEASE|x64
		{7BA29E84-F093-4FF7-A26A-71AA1DA18A3E}.WIN-DEBUG|Win32.ActiveCfg = WIN-DEBUG|Win32
		{7BA29E84-F093-4FF7-A26A-71AA1DA18A3E}.WIN-DEBUG|Win32.Build.0 = WIN-DEBUG|Win32
		{7BA29E84-F093-4FF7-A26A-71AA1DA18A3E}.WIN-DEBUG|x64.ActiveCfg = WIN-DEBUG|x64
		{7BA29E84-F093-4FF7-A26A-71AA1DA18A3E}.WIN-DEBUG|x64.Build.0 = WIN-DEBUG|x64
		{7BA29E84-F093-4FF7-A26A-71AA1DA18A3E}.WIN-RELEASE|Win32.ActiveCfg = WIN-RELEASE|Win32
		{7BA29E84-F093-4FF7-A26A-71AA1DA18A3E}.WIN-RELEASE|Win32.Build.0 = WIN-RELEASE|Win32
		{7BA29E84-F093-4FF7-A26A-71AA1DA18A3E}.WIN-RELEASE|x64.ActiveCfg = WIN-RELEASE|x64
		{7BA29E84-F093-4FF7-A26A-71AA1DA18A3E}.WIN-RELEASE|x64.Build.0 = WIN-RELEASE|x64
		{51DA8516-5697-4B27-916C-37569C514201}.WIN-DEBUG|Win32.ActiveCfg = WIN-DEBUG|Win32
		{51DA8516-5697-4B27-916C-37569C514201}.WIN-DEBUG|Win32.Build.0 = WIN-DEBUG|Win32
		{51DA8516-5697-4B27-916C-37569C514201}.WIN-DEBUG|x64.ActiveCfg = WIN-DEBUG|x64
		{51DA8516-5697-4B27-916C-37569C514201}.WIN-DEBUG|x64.Build.0 = WIN-DEBUG|x64
		{51DA8516-5697-4B27-916C-37569C514201}.WIN-RELEASE|Win32.ActiveCfg = WIN-RELEASE|Win32
		{51DA8516-5697-4B27-916C-37569C514201}.WIN-RELEASE|Win32.Build.0 = WIN-RELEASE|Win32
		{51DA8516-5697-4B27-916C-37569C514201}.WIN-RELEASE|x64.ActiveCfg = WIN-RELEASE|x64
		{51DA8516-5697-4B27-916C-37569C514201}.WIN-RELEASE|x64.Build.0 = WIN-RELEASE|x64
	EndGlobalSection
	GlobalSection(SolutionProperties) = preSolution
		HideSolutionNode = FALSE
	EndGlobalSection
	GlobalSection(NestedProjects) = preSolution
		{604EE608-306B-4EEB-8D12-7681599E48F5} = {21C91199-2F53-4A43-86F5-EB29E791730E}
		{713C9C15-5D56-40DA-A65A-E33FE42506EF} = {75814801-5066-42FD-965D-030EAFA58C58}
		{6C66F110-545E-4F86-9797-7204FA3DFD8B} = {75814801-5066-42FD-965D-030EAFA58C58}
		{14D7C8FC-C0F3-475C-B89F-07C6C785F18C} = {75814801-5066-42FD-965D-030EAFA58C58}
		{B51267E0-54DE-4A32-BFBD-631E2B50AEC3} = {75814801-5066-42FD-965D-030EAFA58C58}
		{AEBBF32C-5C34-4358-976C-1CC1935BB34F} = {21C91199-2F53-4A43-86F5-EB29E791730E}
		{25708C2C-E6B6-447F-B44F-4C6F0B4E3012} = {21C91199-2F53-4A43-86F5-EB29E791730E}
		{75814801-5066-42FD-965D-030EAFA58C58} = {25708C2C-E6B6-447F-B44F-4C6F0B4E3012}
		{0FDFAFD5-8FDE-406D-AE54-8E3574DFCA36} = {25708C2C-E6B6-447F-B44F-4C6F0B4E3012}
		{96C10845-25A7-4677-BC18-2EC248D301D2} = {0FDFAFD5-8FDE-406D-AE54-8E3574DFCA36}
		{C34919B6-8FBC-430D-AF34-F05073108BE5} = {0FDFAFD5-8FDE-406D-AE54-8E3574DFCA36}
		{2EBCBCF2-4900-44D2-B98C-D4D0F93219B9} = {0FDFAFD5-8FDE-406D-AE54-8E3574DFCA36}
		{91096C09-7776-4402-8762-3CFCBC9E9ABA} = {0FDFAFD5-8FDE-406D-AE54-8E3574DFCA36}
		{A9FF544E-6EB9-4065-87F9-5ECFF5E478E8} = {0FDFAFD5-8FDE-406D-AE54-8E3574DFCA36}
		{A9157F63-B07E-4B00-ACFC-A0FAEAB38D43} = {0FDFAFD5-8FDE-406D-AE54-8E3574DFCA36}
		{024D23C4-EB05-45A3-BCD7-83F80A904503} = {0FDFAFD5-8FDE-406D-AE54-8E3574DFCA36}
		{7BA29E84-F093-4FF7-A26A-71AA1DA18A3E} = {0FDFAFD5-8FDE-406D-AE54-8E3574DFCA36}
		{51DA8516-5697-4B27-916C-37569C514201} = {74157653-F56C-4F52-8E74-3006A4C9617E}
	EndGlobalSection
EndGlobal
